
Microsoft Visual Studio Solution File, Format Version 12.00
# Visual Studio 15
VisualStudioVersion = 15.0.28010.2036
MinimumVisualStudioVersion = 10.0.40219.1
Project("{8BC9CEB8-8B4A-11D0-8D11-00A0C91BC942}") = "Lab2", "Lab2\Lab2.vcxproj", "{79FFFA88-8B6B-4496-979F-D436A6174B86}"
EndProject
Global
	GlobalSection(SolutionConfigurationPlatforms) = preSolution
		Debug|x64 = Debug|x64
		Debug|x86 = Debug|x86
		Release|x64 = Release|x64
		Release|x86 = Release|x86
	EndGlobalSection
	GlobalSection(ProjectConfigurationPlatforms) = postSolution
		{79FFFA88-8B6B-4496-979F-D436A6174B86}.Debug|x64.ActiveCfg = Debug|x64
		{79FFFA88-8B6B-4496-979F-D436A6174B86}.Debug|x64.Build.0 = Debug|x64
		{79FFFA88-8B6B-4496-979F-D436A6174B86}.Debug|x86.ActiveCfg = Debug|Win32
		{79FFFA88-8B6B-4496-979F-D436A6174B86}.Debug|x86.Build.0 = Debug|Win32
		{79FFFA88-8B6B-4496-979F-D436A6174B86}.Release|x64.ActiveCfg = Release|x64
		{79FFFA88-8B6B-4496-979F-D436A6174B86}.Release|x64.Build.0 = Release|x64
		{79FFFA88-8B6B-4496-979F-D436A6174B86}.Release|x86.ActiveCfg = Release|Win32
		{79FFFA88-8B6B-4496-979F-D436A6174B86}.Release|x86.Build.0 = Release|Win32
	EndGlobalSection
	GlobalSection(SolutionProperties) = preSolution
		HideSolutionNode = FALSE
	EndGlobalSection
	GlobalSection(ExtensibilityGlobals) = postSolution
		SolutionGuid = {428AC3BF-C5FB-46D3-986D-16C9F857374A}
	EndGlobalSection
EndGlobal
